
Microsoft Visual Studio Solution File, Format Version 12.00
# Visual Studio Version 16
VisualStudioVersion = 16.0.29306.81
MinimumVisualStudioVersion = 10.0.40219.1
Project("{FAE04EC0-301F-11D3-BF4B-00C04F79EFBC}") = "CustomerApi2Client", "CustomerApi2Client\CustomerApi2Client.csproj", "{9F47B20D-97B0-497B-B1D4-A11F408FCC55}"
EndProject
Global
	GlobalSection(SolutionConfigurationPlatforms) = preSolution
		Debug|Any CPU = Debug|Any CPU
		Release|Any CPU = Release|Any CPU
	EndGlobalSection
	GlobalSection(ProjectConfigurationPlatforms) = postSolution
		{9F47B20D-97B0-497B-B1D4-A11F408FCC55}.Debug|Any CPU.ActiveCfg = Debug|Any CPU
		{9F47B20D-97B0-497B-B1D4-A11F408FCC55}.Debug|Any CPU.Build.0 = Debug|Any CPU
		{9F47B20D-97B0-497B-B1D4-A11F408FCC55}.Release|Any CPU.ActiveCfg = Release|Any CPU
		{9F47B20D-97B0-497B-B1D4-A11F408FCC55}.Release|Any CPU.Build.0 = Release|Any CPU
	EndGlobalSection
	GlobalSection(SolutionProperties) = preSolution
		HideSolutionNode = FALSE
	EndGlobalSection
	GlobalSection(ExtensibilityGlobals) = postSolution
		SolutionGuid = {0FBFA8F0-A232-4D47-8A44-DDB341AF23BD}
	EndGlobalSection
EndGlobal
